{
  "name": "random-word-by-length",
  "version": "1.0.0",
  "lockfileVersion": 2,
  "requires": true,
  "packages": {
    "": {
      "name": "random-word-by-length",
      "version": "1.0.0",
      "license": "ISC",
      "dependencies": {
        "random-word-by-length": "^0.1.0",
        "random-words": "^1.2.0"
      }
    },
    "node_modules/random-word-by-length": {
      "version": "0.1.0",
      "resolved": "https://registry.npmjs.org/random-word-by-length/-/random-word-by-length-0.1.0.tgz",
      "integrity": "sha512-yyvpLrC3EF/hPzuwNHgV+U8yImEBeyd4iqRNmmE8t2Gfivula3j5yGwFBLNNbZCJjbSQld/u2FrcItAPL7PFqg==",
      "dependencies": {
        "unique-random": "~0.1.0",
        "word-list-json": "^0.2.0"
      },
      "bin": {
        "random-word-by-length": "cli.js"
      },
      "engines": {
        "node": ">=0.10.0"
      }
    },
    "node_modules/random-words": {
      "version": "1.2.0",
      "resolved": "https://registry.npmjs.org/random-words/-/random-words-1.2.0.tgz",
      "integrity": "sha512-YP2bXrT19pxtBh22DK9CLcWsmBjUBAGzw3JWJycTNbXm1+0aS6PrKuAJ9aLT0GGaPlPp9LExfJIMVkzhrDZE6g=="
    },
    "node_modules/unique-random": {
      "version": "0.1.1",
      "resolved": "https://registry.npmjs.org/unique-random/-/unique-random-0.1.1.tgz",
      "integrity": "sha512-lwUnHNj3lGKxLWkt6Mv5ZDIFpA68Y3IBstzCmCPjyRRnL7MSFgBfOyU+35RuzgQ7yRAnRw9o25e28YqvpZfYug==",
      "engines": {
        "node": ">=0.8.0"
      }
    },
    "node_modules/word-list-json": {
      "version": "0.2.0",
      "resolved": "https://registry.npmjs.org/word-list-json/-/word-list-json-0.2.0.tgz",
      "integrity": "sha512-A0ZuPMpXOjC8Wj0PxNWg5MB63AooXlGqaxCZOgr7anmDr4kEeP0arsaRRCSxahuZ3GVrd8OBZ+IBlpL6z7kb9A==",
      "engines": {
        "node": ">=0.10.0"
      }
    }
  },
  "dependencies": {
    "random-word-by-length": {
      "version": "0.1.0",
      "resolved": "https://registry.npmjs.org/random-word-by-length/-/random-word-by-length-0.1.0.tgz",
      "integrity": "sha512-yyvpLrC3EF/hPzuwNHgV+U8yImEBeyd4iqRNmmE8t2Gfivula3j5yGwFBLNNbZCJjbSQld/u2FrcItAPL7PFqg==",
      "requires": {
        "unique-random": "~0.1.0",
        "word-list-json": "^0.2.0"
      }
    },
    "random-words": {
      "version": "1.2.0",
      "resolved": "https://registry.npmjs.org/random-words/-/random-words-1.2.0.tgz",
      "integrity": "sha512-YP2bXrT19pxtBh22DK9CLcWsmBjUBAGzw3JWJycTNbXm1+0aS6PrKuAJ9aLT0GGaPlPp9LExfJIMVkzhrDZE6g=="
    },
    "unique-random": {
      "version": "0.1.1",
      "resolved": "https://registry.npmjs.org/unique-random/-/unique-random-0.1.1.tgz",
      "integrity": "sha512-lwUnHNj3lGKxLWkt6Mv5ZDIFpA68Y3IBstzCmCPjyRRnL7MSFgBfOyU+35RuzgQ7yRAnRw9o25e28YqvpZfYug=="
    },
    "word-list-json": {
      "version": "0.2.0",
      "resolved": "https://registry.npmjs.org/word-list-json/-/word-list-json-0.2.0.tgz",
      "integrity": "sha512-A0ZuPMpXOjC8Wj0PxNWg5MB63AooXlGqaxCZOgr7anmDr4kEeP0arsaRRCSxahuZ3GVrd8OBZ+IBlpL6z7kb9A=="
    }
  }
}
